
Microsoft Visual Studio Solution File, Format Version 12.00
# Visual Studio 14
VisualStudioVersion = 14.0.24720.0
MinimumVisualStudioVersion = 10.0.40219.1
Project("{FAE04EC0-301F-11D3-BF4B-00C04F79EFBC}") = "MyPhotos", "MyPhotos\MyPhotos.csproj", "{9C6554BC-4C6D-4335-81E8-51FD11EA09E7}"
EndProject
Global
	GlobalSection(SolutionConfigurationPlatforms) = preSolution
		Debug|Any CPU = Debug|Any CPU
		Release|Any CPU = Release|Any CPU
	EndGlobalSection
	GlobalSection(ProjectConfigurationPlatforms) = postSolution
		{9C6554BC-4C6D-4335-81E8-51FD11EA09E7}.Debug|Any CPU.ActiveCfg = Debug|Any CPU
		{9C6554BC-4C6D-4335-81E8-51FD11EA09E7}.Debug|Any CPU.Build.0 = Debug|Any CPU
		{9C6554BC-4C6D-4335-81E8-51FD11EA09E7}.Release|Any CPU.ActiveCfg = Release|Any CPU
		{9C6554BC-4C6D-4335-81E8-51FD11EA09E7}.Release|Any CPU.Build.0 = Release|Any CPU
	EndGlobalSection
	GlobalSection(SolutionProperties) = preSolution
		HideSolutionNode = FALSE
	EndGlobalSection
EndGlobal
